
Microsoft Visual Studio Solution File, Format Version 12.00
# Visual Studio Version 16
VisualStudioVersion = 16.0.30804.86
MinimumVisualStudioVersion = 10.0.40219.1
Project("{FAE04EC0-301F-11D3-BF4B-00C04F79EFBC}") = "Entrega02", "Entrega02\Entrega02.csproj", "{A6330ECF-E7FD-4DC1-B254-671CA92519A0}"
EndProject
Global
	GlobalSection(SolutionConfigurationPlatforms) = preSolution
		Debug|Any CPU = Debug|Any CPU
		Release|Any CPU = Release|Any CPU
	EndGlobalSection
	GlobalSection(ProjectConfigurationPlatforms) = postSolution
		{A6330ECF-E7FD-4DC1-B254-671CA92519A0}.Debug|Any CPU.ActiveCfg = Debug|Any CPU
		{A6330ECF-E7FD-4DC1-B254-671CA92519A0}.Debug|Any CPU.Build.0 = Debug|Any CPU
		{A6330ECF-E7FD-4DC1-B254-671CA92519A0}.Release|Any CPU.ActiveCfg = Release|Any CPU
		{A6330ECF-E7FD-4DC1-B254-671CA92519A0}.Release|Any CPU.Build.0 = Release|Any CPU
	EndGlobalSection
	GlobalSection(SolutionProperties) = preSolution
		HideSolutionNode = FALSE
	EndGlobalSection
	GlobalSection(ExtensibilityGlobals) = postSolution
		SolutionGuid = {88FD8DFF-8D8E-446F-8DD1-F6BE40388351}
	EndGlobalSection
EndGlobal
